
Microsoft Visual Studio Solution File, Format Version 12.00
# Visual Studio Version 16
VisualStudioVersion = 16.0.29418.71
MinimumVisualStudioVersion = 10.0.40219.1
Project("{FAE04EC0-301F-11D3-BF4B-00C04F79EFBC}") = "NumberGuesser", "NumberGuesser\NumberGuesser.csproj", "{042B223B-3C60-49BD-A29A-CDF29676FC7D}"
EndProject
Global
	GlobalSection(SolutionConfigurationPlatforms) = preSolution
		Debug|Any CPU = Debug|Any CPU
		Release|Any CPU = Release|Any CPU
	EndGlobalSection
	GlobalSection(ProjectConfigurationPlatforms) = postSolution
		{042B223B-3C60-49BD-A29A-CDF29676FC7D}.Debug|Any CPU.ActiveCfg = Debug|Any CPU
		{042B223B-3C60-49BD-A29A-CDF29676FC7D}.Debug|Any CPU.Build.0 = Debug|Any CPU
		{042B223B-3C60-49BD-A29A-CDF29676FC7D}.Release|Any CPU.ActiveCfg = Release|Any CPU
		{042B223B-3C60-49BD-A29A-CDF29676FC7D}.Release|Any CPU.Build.0 = Release|Any CPU
	EndGlobalSection
	GlobalSection(SolutionProperties) = preSolution
		HideSolutionNode = FALSE
	EndGlobalSection
	GlobalSection(ExtensibilityGlobals) = postSolution
		SolutionGuid = {6460EC2F-8881-4DF8-B2AF-F5E58F5CA446}
	EndGlobalSection
EndGlobal
